
Microsoft Visual Studio Solution File, Format Version 12.00
# Visual Studio Version 16
VisualStudioVersion = 16.0.30011.22
MinimumVisualStudioVersion = 10.0.40219.1
Project("{9A19103F-16F7-4668-BE54-9A1E7A4F7556}") = "Lovehack20.Ichor.Lambda", "Lovehack20.Ichor.Lambda.csproj", "{845852EC-6F47-450F-8FDB-4743E2A817AB}"
EndProject
Project("{9A19103F-16F7-4668-BE54-9A1E7A4F7556}") = "Lovehack20.Ichor.Lambda.Tests", "..\lovehack20.ichor.donors.Tests\Lovehack20.Ichor.Lambda.Tests.csproj", "{938CB65D-45AA-46DA-A0AB-B530615713D0}"
EndProject
Global
	GlobalSection(SolutionConfigurationPlatforms) = preSolution
		Debug|Any CPU = Debug|Any CPU
		Release|Any CPU = Release|Any CPU
	EndGlobalSection
	GlobalSection(ProjectConfigurationPlatforms) = postSolution
		{845852EC-6F47-450F-8FDB-4743E2A817AB}.Debug|Any CPU.ActiveCfg = Debug|Any CPU
		{845852EC-6F47-450F-8FDB-4743E2A817AB}.Debug|Any CPU.Build.0 = Debug|Any CPU
		{845852EC-6F47-450F-8FDB-4743E2A817AB}.Release|Any CPU.ActiveCfg = Release|Any CPU
		{845852EC-6F47-450F-8FDB-4743E2A817AB}.Release|Any CPU.Build.0 = Release|Any CPU
		{938CB65D-45AA-46DA-A0AB-B530615713D0}.Debug|Any CPU.ActiveCfg = Debug|Any CPU
		{938CB65D-45AA-46DA-A0AB-B530615713D0}.Debug|Any CPU.Build.0 = Debug|Any CPU
		{938CB65D-45AA-46DA-A0AB-B530615713D0}.Release|Any CPU.ActiveCfg = Release|Any CPU
		{938CB65D-45AA-46DA-A0AB-B530615713D0}.Release|Any CPU.Build.0 = Release|Any CPU
	EndGlobalSection
	GlobalSection(SolutionProperties) = preSolution
		HideSolutionNode = FALSE
	EndGlobalSection
	GlobalSection(ExtensibilityGlobals) = postSolution
		SolutionGuid = {E5601FC4-B0EA-4CF0-BA21-F07AFA288A4E}
	EndGlobalSection
EndGlobal
